# This file is automatically @generated by Cargo.
# It is not intended for manual editing.
version = 4

[[package]]
name = "driver_gpio_bcm2837"
version = "0.1.0"
dependencies = [
 "driver_traits",
 "kernel_utils",
]

[[package]]
name = "driver_traits"
version = "0.1.0"

[[package]]
name = "kernel_utils"
version = "0.1.0"

[[package]]
name = "sharkfin_kernel"
version = "0.1.0"
dependencies = [
 "driver_gpio_bcm2837",
 "kernel_utils",
]
